
Microsoft Visual Studio Solution File, Format Version 12.00
# Visual Studio Version 16
VisualStudioVersion = 16.0.30611.23
MinimumVisualStudioVersion = 10.0.40219.1
Project("{FAE04EC0-301F-11D3-BF4B-00C04F79EFBC}") = "Ratestaurants.API", "Ratestaurants.API\Ratestaurants.API.csproj", "{87B02730-E35D-4178-8500-64B4A02E7A97}"
EndProject
Global
	GlobalSection(SolutionConfigurationPlatforms) = preSolution
		Debug|Any CPU = Debug|Any CPU
		Release|Any CPU = Release|Any CPU
	EndGlobalSection
	GlobalSection(ProjectConfigurationPlatforms) = postSolution
		{87B02730-E35D-4178-8500-64B4A02E7A97}.Debug|Any CPU.ActiveCfg = Debug|Any CPU
		{87B02730-E35D-4178-8500-64B4A02E7A97}.Debug|Any CPU.Build.0 = Debug|Any CPU
		{87B02730-E35D-4178-8500-64B4A02E7A97}.Release|Any CPU.ActiveCfg = Release|Any CPU
		{87B02730-E35D-4178-8500-64B4A02E7A97}.Release|Any CPU.Build.0 = Release|Any CPU
	EndGlobalSection
	GlobalSection(SolutionProperties) = preSolution
		HideSolutionNode = FALSE
	EndGlobalSection
	GlobalSection(ExtensibilityGlobals) = postSolution
		SolutionGuid = {33717368-B7E6-4103-97F2-00DEE3A9A71F}
	EndGlobalSection
EndGlobal
